{
  "name": "@marmot-webdev/recaptcha",
  "version": "1.0.0",
  "lockfileVersion": 2,
  "requires": true,
  "packages": {
    "": {
      "name": "@marmot-webdev/recaptcha",
      "version": "1.0.0",
      "license": "MIT",
      "dependencies": {
        "@marmot-webdev/dataset-obj": "^1.0.0"
      }
    },
    "node_modules/@marmot-webdev/dataset-obj": {
      "version": "1.0.0",
      "resolved": "https://registry.npmjs.org/@marmot-webdev/dataset-obj/-/dataset-obj-1.0.0.tgz",
      "integrity": "sha512-ZVld0f/c1t4/Tq/HjLhS4vbOpiHfBARJJK8Q26arxzVoD3gfWmvGjvQpKuAriOMIzPHe29P9qeTGu2jGKAukeQ=="
    }
  },
  "dependencies": {
    "@marmot-webdev/dataset-obj": {
      "version": "1.0.0",
      "resolved": "https://registry.npmjs.org/@marmot-webdev/dataset-obj/-/dataset-obj-1.0.0.tgz",
      "integrity": "sha512-ZVld0f/c1t4/Tq/HjLhS4vbOpiHfBARJJK8Q26arxzVoD3gfWmvGjvQpKuAriOMIzPHe29P9qeTGu2jGKAukeQ=="
    }
  }
}
